
Microsoft Visual Studio Solution File, Format Version 12.00
# Visual Studio 2013
VisualStudioVersion = 12.0.21005.1
MinimumVisualStudioVersion = 10.0.40219.1
Project("{FAE04EC0-301F-11D3-BF4B-00C04F79EFBC}") = "Aeronautica", "Aeoronautica4\Aeronautica.csproj", "{DA80BB82-46B2-4A18-B622-8037BA75DEE2}"
EndProject
Project("{FAE04EC0-301F-11D3-BF4B-00C04F79EFBC}") = "Conexion", "Conexion\Conexion.csproj", "{C9176C93-0432-495A-A991-2294665EDA87}"
EndProject
Project("{FAE04EC0-301F-11D3-BF4B-00C04F79EFBC}") = "Logica", "Logica\Logica.csproj", "{9F7CBA8A-1C40-41AF-81CB-51A262D94E2B}"
EndProject
Global
	GlobalSection(SolutionConfigurationPlatforms) = preSolution
		Debug|Any CPU = Debug|Any CPU
		Debug|x64 = Debug|x64
		Release|Any CPU = Release|Any CPU
		Release|x64 = Release|x64
	EndGlobalSection
	GlobalSection(ProjectConfigurationPlatforms) = postSolution
		{DA80BB82-46B2-4A18-B622-8037BA75DEE2}.Debug|Any CPU.ActiveCfg = Debug|Any CPU
		{DA80BB82-46B2-4A18-B622-8037BA75DEE2}.Debug|Any CPU.Build.0 = Debug|Any CPU
		{DA80BB82-46B2-4A18-B622-8037BA75DEE2}.Debug|x64.ActiveCfg = Debug|x64
		{DA80BB82-46B2-4A18-B622-8037BA75DEE2}.Debug|x64.Build.0 = Debug|x64
		{DA80BB82-46B2-4A18-B622-8037BA75DEE2}.Release|Any CPU.ActiveCfg = Release|x64
		{DA80BB82-46B2-4A18-B622-8037BA75DEE2}.Release|x64.ActiveCfg = Release|x64
		{DA80BB82-46B2-4A18-B622-8037BA75DEE2}.Release|x64.Build.0 = Release|x64
		{C9176C93-0432-495A-A991-2294665EDA87}.Debug|Any CPU.ActiveCfg = Debug|Any CPU
		{C9176C93-0432-495A-A991-2294665EDA87}.Debug|Any CPU.Build.0 = Debug|Any CPU
		{C9176C93-0432-495A-A991-2294665EDA87}.Debug|x64.ActiveCfg = Debug|x64
		{C9176C93-0432-495A-A991-2294665EDA87}.Debug|x64.Build.0 = Debug|x64
		{C9176C93-0432-495A-A991-2294665EDA87}.Release|Any CPU.ActiveCfg = Release|x64
		{C9176C93-0432-495A-A991-2294665EDA87}.Release|Any CPU.Build.0 = Release|x64
		{C9176C93-0432-495A-A991-2294665EDA87}.Release|x64.ActiveCfg = Release|x64
		{C9176C93-0432-495A-A991-2294665EDA87}.Release|x64.Build.0 = Release|x64
		{9F7CBA8A-1C40-41AF-81CB-51A262D94E2B}.Debug|Any CPU.ActiveCfg = Debug|Any CPU
		{9F7CBA8A-1C40-41AF-81CB-51A262D94E2B}.Debug|Any CPU.Build.0 = Debug|Any CPU
		{9F7CBA8A-1C40-41AF-81CB-51A262D94E2B}.Debug|x64.ActiveCfg = Debug|x64
		{9F7CBA8A-1C40-41AF-81CB-51A262D94E2B}.Debug|x64.Build.0 = Debug|x64
		{9F7CBA8A-1C40-41AF-81CB-51A262D94E2B}.Release|Any CPU.ActiveCfg = Release|x64
		{9F7CBA8A-1C40-41AF-81CB-51A262D94E2B}.Release|Any CPU.Build.0 = Release|x64
		{9F7CBA8A-1C40-41AF-81CB-51A262D94E2B}.Release|x64.ActiveCfg = Release|x64
		{9F7CBA8A-1C40-41AF-81CB-51A262D94E2B}.Release|x64.Build.0 = Release|x64
	EndGlobalSection
	GlobalSection(SolutionProperties) = preSolution
		HideSolutionNode = FALSE
	EndGlobalSection
EndGlobal
